PODS:
  - FlutterMacOS (1.0.0)
  - opus_flutter_macos (0.0.1):
    - FlutterMacOS
  - path_provider_foundation (0.0.1):
    - Flutter
    - FlutterMacOS
  - share_plus (0.0.1):
    - FlutterMacOS

DEPENDENCIES:
  - FlutterMacOS (from `Flutter/ephemeral`)
  - opus_flutter_macos (from `Flutter/ephemeral/.symlinks/plugins/opus_flutter_macos/macos`)
  - path_provider_foundation (from `Flutter/ephemeral/.symlinks/plugins/path_provider_foundation/darwin`)
  - share_plus (from `Flutter/ephemeral/.symlinks/plugins/share_plus/macos`)

EXTERNAL SOURCES:
  FlutterMacOS:
    :path: Flutter/ephemeral
  opus_flutter_macos:
    :path: Flutter/ephemeral/.symlinks/plugins/opus_flutter_macos/macos
  path_provider_foundation:
    :path: Flutter/ephemeral/.symlinks/plugins/path_provider_foundation/darwin
  share_plus:
    :path: Flutter/ephemeral/.symlinks/plugins/share_plus/macos

SPEC CHECKSUMS:
  FlutterMacOS: 8f6f14fa908a6fb3fba0cd85dbd81ec4b251fb24
  opus_flutter_macos: 963b930ceffba7b82331887e90603b0646f4f015
  path_provider_foundation: 2b6b4c569c0fb62ec74538f866245ac84301af46
  share_plus: 76dd39142738f7a68dd57b05093b5e8193f220f7

PODFILE CHECKSUM: 6acf97521436d16fc31cd5e1a02000905acdb3ae

COCOAPODS: 1.15.2
